
Microsoft Visual Studio Solution File, Format Version 12.00
# Visual Studio Version 17
VisualStudioVersion = 17.3.32825.248
MinimumVisualStudioVersion = 10.0.40219.1
Project("{FAE04EC0-301F-11D3-BF4B-00C04F79EFBC}") = "Lab7", "Lab7.csproj", "{D2BC9B9C-DEA7-48F6-B104-256FDDF05B8D}"
EndProject
Global
	GlobalSection(SolutionConfigurationPlatforms) = preSolution
		Debug|Any CPU = Debug|Any CPU
		Release|Any CPU = Release|Any CPU
	EndGlobalSection
	GlobalSection(ProjectConfigurationPlatforms) = postSolution
		{D2BC9B9C-DEA7-48F6-B104-256FDDF05B8D}.Debug|Any CPU.ActiveCfg = Debug|Any CPU
		{D2BC9B9C-DEA7-48F6-B104-256FDDF05B8D}.Debug|Any CPU.Build.0 = Debug|Any CPU
		{D2BC9B9C-DEA7-48F6-B104-256FDDF05B8D}.Release|Any CPU.ActiveCfg = Release|Any CPU
		{D2BC9B9C-DEA7-48F6-B104-256FDDF05B8D}.Release|Any CPU.Build.0 = Release|Any CPU
	EndGlobalSection
	GlobalSection(SolutionProperties) = preSolution
		HideSolutionNode = FALSE
	EndGlobalSection
	GlobalSection(ExtensibilityGlobals) = postSolution
		SolutionGuid = {5CE55E88-DF88-4555-A565-117C924112C4}
	EndGlobalSection
EndGlobal
